// !$*UTF8*$!
{
	archiveVersion = 1;
	classes = {
	};
	objectVersion = 46;
	objects = {

/* Begin PBXBuildFile section */
		DC05EC941BF554AC00436001 /* AppDelegate.swift in Sources */ = {isa = PBXBuildFile; fileRef = DC05EC931BF554AC00436001 /* AppDelegate.swift */; };
		DC05EC961BF554AC00436001 /* ViewController.swift in Sources */ = {isa = PBXBuildFile; fileRef = DC05EC951BF554AC00436001 /* ViewController.swift */; };
		DC05EC991BF554AC00436001 /* Main.storyboard in Resources */ = {isa = PBXBuildFile; fileRef = DC05EC971BF554AC00436001 /* Main.storyboard */; };
		DC05EC9B1BF554AC00436001 /* Assets.xcassets in Resources */ = {isa = PBXBuildFile; fileRef = DC05EC9A1BF554AC00436001 /* Assets.xcassets */; };
		DC05EC9E1BF554AC00436001 /* LaunchScreen.storyboard in Resources */ = {isa = PBXBuildFile; fileRef = DC05EC9C1BF554AC00436001 /* LaunchScreen.storyboard */; };
		DC05ECA91BF554AD00436001 /* cp_canvasTests.swift in Sources */ = {isa = PBXBuildFile; fileRef = DC05ECA81BF554AD00436001 /* cp_canvasTests.swift */; };
		DC05ECB41BF554AD00436001 /* cp_canvasUITests.swift in Sources */ = {isa = PBXBuildFile; fileRef = DC05ECB31BF554AD00436001 /* cp_canvasUITests.swift */; };
		DC05ECC21BF5551D00436001 /* mainViewController.swift in Sources */ = {isa = PBXBuildFile; fileRef = DC05ECC11BF5551D00436001 /* mainViewController.swift */; };
/* End PBXBuildFile section */

/* Begin PBXContainerItemProxy section */
		DC05ECA51BF554AD00436001 /* PBXContainerItemProxy */ = {
			isa = PBXContainerItemProxy;
			containerPortal = DC05EC881BF554AC00436001 /* Project object */;
			proxyType = 1;
			remoteGlobalIDString = DC05EC8F1BF554AC00436001;
			remoteInfo = cp_canvas;
		};
		DC05ECB01BF554AD00436001 /* PBXContainerItemProxy */ = {
			isa = PBXContainerItemProxy;
			containerPortal = DC05EC881BF554AC00436001 /* Project object */;
			proxyType = 1;
			remoteGlobalIDString = DC05EC8F1BF554AC00436001;
			remoteInfo = cp_canvas;
		};
/* End PBXContainerItemProxy section */

/* Begin PBXFileReference section */
		DC05EC901BF554AC00436001 /* cp_canvas.app */ = {isa = PBXFileReference; explicitFileType = wrapper.application; includeInIndex = 0; path = cp_canvas.app; sourceTree = BUILT_PRODUCTS_DIR; };
		DC05EC931BF554AC00436001 /* AppDelegate.swift */ = {isa = PBXFileReference; lastKnownFileType = sourcecode.swift; path = AppDelegate.swift; sourceTree = "<group>"; };
		DC05EC951BF554AC00436001 /* ViewController.swift */ = {isa = PBXFileReference; lastKnownFileType = sourcecode.swift; path = ViewController.swift; sourceTree = "<group>"; };
		DC05EC981BF554AC00436001 /* Base */ = {isa = PBXFileReference; lastKnownFileType = file.storyboard; name = Base; path = Base.lproj/Main.storyboard; sourceTree = "<group>"; };
		DC05EC9A1BF554AC00436001 /* Assets.xcassets */ = {isa = PBXFileReference; lastKnownFileType = folder.assetcatalog; path = Assets.xcassets; sourceTree = "<group>"; };
		DC05EC9D1BF554AC00436001 /* Base */ = {isa = PBXFileReference; lastKnownFileType = file.storyboard; name = Base; path = Base.lproj/LaunchScreen.storyboard; sourceTree = "<group>"; };
		DC05EC9F1BF554AD00436001 /* Info.plist */ = {isa = PBXFileReference; lastKnownFileType = text.plist.xml; path = Info.plist; sourceTree = "<group>"; };
		DC05ECA41BF554AD00436001 /* cp_canvasTests.xctest */ = {isa = PBXFileReference; explicitFileType = wrapper.cfbundle; includeInIndex = 0; path = cp_canvasTests.xctest; sourceTree = BUILT_PRODUCTS_DIR; };
		DC05ECA81BF554AD00436001 /* cp_canvasTests.swift */ = {isa = PBXFileReference; lastKnownFileType = sourcecode.swift; path = cp_canvasTests.swift; sourceTree = "<group>"; };
		DC05ECAA1BF554AD00436001 /* Info.plist */ = {isa = PBXFileReference; lastKnownFileType = text.plist.xml; path = Info.plist; sourceTree = "<group>"; };
		DC05ECAF1BF554AD00436001 /* cp_canvasUITests.xctest */ = {isa = PBXFileReference; explicitFileType = wrapper.cfbundle; includeInIndex = 0; path = cp_canvasUITests.xctest; sourceTree = BUILT_PRODUCTS_DIR; };
		DC05ECB31BF554AD00436001 /* cp_canvasUITests.swift */ = {isa = PBXFileReference; lastKnownFileType = sourcecode.swift; path = cp_canvasUITests.swift; sourceTree = "<group>"; };
		DC05ECB51BF554AD00436001 /* Info.plist */ = {isa = PBXFileReference; lastKnownFileType = text.plist.xml; path = Info.plist; sourceTree = "<group>"; };
		DC05ECC11BF5551D00436001 /* mainViewController.swift */ = {isa = PBXFileReference; fileEncoding = 4; lastKnownFileType = sourcecode.swift; path = mainViewController.swift; sourceTree = "<group>"; };
/* End PBXFileReference section */

/* Begin PBXFrameworksBuildPhase section */
		DC05EC8D1BF554AC00436001 /* Frameworks */ = {
			isa = PBXFrameworksBuildPhase;
			buildActionMask = 2147483647;
			files = (
			);
			runOnlyForDeploymentPostprocessing = 0;
		};
		DC05ECA11BF554AD00436001 /* Frameworks */ = {
			isa = PBXFrameworksBuildPhase;
			buildActionMask = 2147483647;
			files = (
			);
			runOnlyForDeploymentPostprocessing = 0;
		};
		DC05ECAC1BF554AD00436001 /* Frameworks */ = {
			isa = PBXFrameworksBuildPhase;
			buildActionMask = 2147483647;
			files = (
			);
			runOnlyForDeploymentPostprocessing = 0;
		};
/* End PBXFrameworksBuildPhase section */

/* Begin PBXGroup section */
		DC05EC871BF554AC00436001 = {
			isa = PBXGroup;
			children = (
				DC05EC921BF554AC00436001 /* cp_canvas */,
				DC05ECA71BF554AD00436001 /* cp_canvasTests */,
				DC05ECB21BF554AD00436001 /* cp_canvasUITests */,
				DC05EC911BF554AC00436001 /* Products */,
			);
			sourceTree = "<group>";
		};
		DC05EC911BF554AC00436001 /* Products */ = {
			isa = PBXGroup;
			children = (
				DC05EC901BF554AC00436001 /* cp_canvas.app */,
				DC05ECA41BF554AD00436001 /* cp_canvasTests.xctest */,
				DC05ECAF1BF554AD00436001 /* cp_canvasUITests.xctest */,
			);
			name = Products;
			sourceTree = "<group>";
		};
		DC05EC921BF554AC00436001 /* cp_canvas */ = {
			isa = PBXGroup;
			children = (
				DC05EC931BF554AC00436001 /* AppDelegate.swift */,
				DC05EC951BF554AC00436001 /* ViewController.swift */,
				DC05EC971BF554AC00436001 /* Main.storyboard */,
				DC05ECC11BF5551D00436001 /* mainViewController.swift */,
				DC05EC9A1BF554AC00436001 /* Assets.xcassets */,
				DC05EC9C1BF554AC00436001 /* LaunchScreen.storyboard */,
				DC05EC9F1BF554AD00436001 /* Info.plist */,
			);
			path = cp_canvas;
			sourceTree = "<group>";
		};
		DC05ECA71BF554AD00436001 /* cp_canvasTests */ = {
			isa = PBXGroup;
			children = (
				DC05ECA81BF554AD00436001 /* cp_canvasTests.swift */,
				DC05ECAA1BF554AD00436001 /* Info.plist */,
			);
			path = cp_canvasTests;
			sourceTree = "<group>";
		};
		DC05ECB21BF554AD00436001 /* cp_canvasUITests */ = {
			isa = PBXGroup;
			children = (
				DC05ECB31BF554AD00436001 /* cp_canvasUITests.swift */,
				DC05ECB51BF554AD00436001 /* Info.plist */,
			);
			path = cp_canvasUITests;
			sourceTree = "<group>";
		};
/* End PBXGroup section */

/* Begin PBXNativeTarget section */
		DC05EC8F1BF554AC00436001 /* cp_canvas */ = {
			isa = PBXNativeTarget;
			buildConfigurationList = DC05ECB81BF554AD00436001 /* Build configuration list for PBXNativeTarget "cp_canvas" */;
			buildPhases = (
				DC05EC8C1BF554AC00436001 /* Sources */,
				DC05EC8D1BF554AC00436001 /* Frameworks */,
				DC05EC8E1BF554AC00436001 /* Resources */,
			);
			buildRules = (
			);
			dependencies = (
			);
			name = cp_canvas;
			productName = cp_canvas;
			productReference = DC05EC901BF554AC00436001 /* cp_canvas.app */;
			productType = "com.apple.product-type.application";
		};
		DC05ECA31BF554AD00436001 /* cp_canvasTests */ = {
			isa = PBXNativeTarget;
			buildConfigurationList = DC05ECBB1BF554AD00436001 /* Build configuration list for PBXNativeTarget "cp_canvasTests" */;
			buildPhases = (
				DC05ECA01BF554AD00436001 /* Sources */,
				DC05ECA11BF554AD00436001 /* Frameworks */,
				DC05ECA21BF554AD00436001 /* Resources */,
			);
			buildRules = (
			);
			dependencies = (
				DC05ECA61BF554AD00436001 /* PBXTargetDependency */,
			);
			name = cp_canvasTests;
			productName = cp_canvasTests;
			productReference = DC05ECA41BF554AD00436001 /* cp_canvasTests.xctest */;
			productType = "com.apple.product-type.bundle.unit-test";
		};
		DC05ECAE1BF554AD00436001 /* cp_canvasUITests */ = {
			isa = PBXNativeTarget;
			buildConfigurationList = DC05ECBE1BF554AD00436001 /* Build configuration list for PBXNativeTarget "cp_canvasUITests" */;
			buildPhases = (
				DC05ECAB1BF554AD00436001 /* Sources */,
				DC05ECAC1BF554AD00436001 /* Frameworks */,
				DC05ECAD1BF554AD00436001 /* Resources */,
			);
			buildRules = (
			);
			dependencies = (
				DC05ECB11BF554AD00436001 /* PBXTargetDependency */,
			);
			name = cp_canvasUITests;
			productName = cp_canvasUITests;
			productReference = DC05ECAF1BF554AD00436001 /* cp_canvasUITests.xctest */;
			productType = "com.apple.product-type.bundle.ui-testing";
		};
/* End PBXNativeTarget section */

/* Begin PBXProject section */
		DC05EC881BF554AC00436001 /* Project object */ = {
			isa = PBXProject;
			attributes = {
				LastSwiftUpdateCheck = 0710;
				LastUpgradeCheck = 0710;
				ORGANIZATIONNAME = sansserif;
				TargetAttributes = {
					DC05EC8F1BF554AC00436001 = {
						CreatedOnToolsVersion = 7.1;
						DevelopmentTeam = 7CUB7B84B4;
					};
					DC05ECA31BF554AD00436001 = {
						CreatedOnToolsVersion = 7.1;
						DevelopmentTeam = 7CUB7B84B4;
						TestTargetID = DC05EC8F1BF554AC00436001;
					};
					DC05ECAE1BF554AD00436001 = {
						CreatedOnToolsVersion = 7.1;
						DevelopmentTeam = 7CUB7B84B4;
						TestTargetID = DC05EC8F1BF554AC00436001;
					};
				};
			};
			buildConfigurationList = DC05EC8B1BF554AC00436001 /* Build configuration list for PBXProject "cp_canvas" */;
			compatibilityVersion = "Xcode 3.2";
			developmentRegion = English;
			hasScannedForEncodings = 0;
			knownRegions = (
				en,
				Base,
			);
			mainGroup = DC05EC871BF554AC00436001;
			productRefGroup = DC05EC911BF554AC00436001 /* Products */;
			projectDirPath = "";
			projectRoot = "";
			targets = (
				DC05EC8F1BF554AC00436001 /* cp_canvas */,
				DC05ECA31BF554AD00436001 /* cp_canvasTests */,
				DC05ECAE1BF554AD00436001 /* cp_canvasUITests */,
			);
		};
/* End PBXProject section */

/* Begin PBXResourcesBuildPhase section */
		DC05EC8E1BF554AC00436001 /* Resources */ = {
			isa = PBXResourcesBuildPhase;
			buildActionMask = 2147483647;
			files = (
				DC05EC9E1BF554AC00436001 /* LaunchScreen.storyboard in Resources */,
				DC05EC9B1BF554AC00436001 /* Assets.xcassets in Resources */,
				DC05EC991BF554AC00436001 /* Main.storyboard in Resources */,
			);
			runOnlyForDeploymentPostprocessing = 0;
		};
		DC05ECA21BF554AD00436001 /* Resources */ = {
			isa = PBXResourcesBuildPhase;
			buildActionMask = 2147483647;
			files = (
			);
			runOnlyForDeploymentPostprocessing = 0;
		};
		DC05ECAD1BF554AD00436001 /* Resources */ = {
			isa = PBXResourcesBuildPhase;
			buildActionMask = 2147483647;
			files = (
			);
			runOnlyForDeploymentPostprocessing = 0;
		};
/* End PBXResourcesBuildPhase section */

/* Begin PBXSourcesBuildPhase section */
		DC05EC8C1BF554AC00436001 /* Sources */ = {
			isa = PBXSourcesBuildPhase;
			buildActionMask = 2147483647;
			files = (
				DC05EC961BF554AC00436001 /* ViewController.swift in Sources */,
				DC05EC941BF554AC00436001 /* AppDelegate.swift in Sources */,
				DC05ECC21BF5551D00436001 /* mainViewController.swift in Sources */,
			);
			runOnlyForDeploymentPostprocessing = 0;
		};
		DC05ECA01BF554AD00436001 /* Sources */ = {
			isa = PBXSourcesBuildPhase;
			buildActionMask = 2147483647;
			files = (
				DC05ECA91BF554AD00436001 /* cp_canvasTests.swift in Sources */,
			);
			runOnlyForDeploymentPostprocessing = 0;
		};
		DC05ECAB1BF554AD00436001 /* Sources */ = {
			isa = PBXSourcesBuildPhase;
			buildActionMask = 2147483647;
			files = (
				DC05ECB41BF554AD00436001 /* cp_canvasUITests.swift in Sources */,
			);
			runOnlyForDeploymentPostprocessing = 0;
		};
/* End PBXSourcesBuildPhase section */

/* Begin PBXTargetDependency section */
		DC05ECA61BF554AD00436001 /* PBXTargetDependency */ = {
			isa = PBXTargetDependency;
			target = DC05EC8F1BF554AC00436001 /* cp_canvas */;
			targetProxy = DC05ECA51BF554AD00436001 /* PBXContainerItemProxy */;
		};
		DC05ECB11BF554AD00436001 /* PBXTargetDependency */ = {
			isa = PBXTargetDependency;
			target = DC05EC8F1BF554AC00436001 /* cp_canvas */;
			targetProxy = DC05ECB01BF554AD00436001 /* PBXContainerItemProxy */;
		};
/* End PBXTargetDependency section */

/* Begin PBXVariantGroup section */
		DC05EC971BF554AC00436001 /* Main.storyboard */ = {
			isa = PBXVariantGroup;
			children = (
				DC05EC981BF554AC00436001 /* Base */,
			);
			name = Main.storyboard;
			sourceTree = "<group>";
		};
		DC05EC9C1BF554AC00436001 /* LaunchScreen.storyboard */ = {
			isa = PBXVariantGroup;
			children = (
				DC05EC9D1BF554AC00436001 /* Base */,
			);
			name = LaunchScreen.storyboard;
			sourceTree = "<group>";
		};
/* End PBXVariantGroup section */

/* Begin XCBuildConfiguration section */
		DC05ECB61BF554AD00436001 /* Debug */ = {
			isa = XCBuildConfiguration;
			buildSettings = {
				ALWAYS_SEARCH_USER_PATHS = NO;
				CLANG_CXX_LANGUAGE_STANDARD = "gnu++0x";
				CLANG_CXX_LIBRARY = "libc++";
				CLANG_ENABLE_MODULES = YES;
				CLANG_ENABLE_OBJC_ARC = YES;
				CLANG_WARN_BOOL_CONVERSION = YES;
				CLANG_WARN_CONSTANT_CONVERSION = YES;
				CLANG_WARN_DIRECT_OBJC_ISA_USAGE = YES_ERROR;
				CLANG_WARN_EMPTY_BODY = YES;
				CLANG_WARN_ENUM_CONVERSION = YES;
				CLANG_WARN_INT_CONVERSION = YES;
				CLANG_WARN_OBJC_ROOT_CLASS = YES_ERROR;
				CLANG_WARN_UNREACHABLE_CODE = YES;
				CLANG_WARN__DUPLICATE_METHOD_MATCH = YES;
				"CODE_SIGN_IDENTITY[sdk=iphoneos*]" = "iPhone Developer";
				COPY_PHASE_STRIP = NO;
				DEBUG_INFORMATION_FORMAT = dwarf;
				ENABLE_STRICT_OBJC_MSGSEND = YES;
				ENABLE_TESTABILITY = YES;
				GCC_C_LANGUAGE_STANDARD = gnu99;
				GCC_DYNAMIC_NO_PIC = NO;
				GCC_NO_COMMON_BLOCKS = YES;
				GCC_OPTIMIZATION_LEVEL = 0;
				GCC_PREPROCESSOR_DEFINITIONS = (
					"DEBUG=1",
					"$(inherited)",
				);
				GCC_WARN_64_TO_32_BIT_CONVERSION = YES;
				GCC_WARN_ABOUT_RETURN_TYPE = YES_ERROR;
				GCC_WARN_UNDECLARED_SELECTOR = YES;
				GCC_WARN_UNINITIALIZED_AUTOS = YES_AGGRESSIVE;
				GCC_WARN_UNUSED_FUNCTION = YES;
				GCC_WARN_UNUSED_VARIABLE = YES;
				IPHONEOS_DEPLOYMENT_TARGET = 9.1;
				MTL_ENABLE_DEBUG_INFO = YES;
				ONLY_ACTIVE_ARCH = YES;
				SDKROOT = iphoneos;
				SWIFT_OPTIMIZATION_LEVEL = "-Onone";
			};
			name = Debug;
		};
		DC05ECB71BF554AD00436001 /* Release */ = {
			isa = XCBuildConfiguration;
			buildSettings = {
				ALWAYS_SEARCH_USER_PATHS = NO;
				CLANG_CXX_LANGUAGE_STANDARD = "gnu++0x";
				CLANG_CXX_LIBRARY = "libc++";
				CLANG_ENABLE_MODULES = YES;
				CLANG_ENABLE_OBJC_ARC = YES;
				CLANG_WARN_BOOL_CONVERSION = YES;
				CLANG_WARN_CONSTANT_CONVERSION = YES;
				CLANG_WARN_DIRECT_OBJC_ISA_USAGE = YES_ERROR;
				CLANG_WARN_EMPTY_BODY = YES;
				CLANG_WARN_ENUM_CONVERSION = YES;
				CLANG_WARN_INT_CONVERSION = YES;
				CLANG_WARN_OBJC_ROOT_CLASS = YES_ERROR;
				CLANG_WARN_UNREACHABLE_CODE = YES;
				CLANG_WARN__DUPLICATE_METHOD_MATCH = YES;
				"CODE_SIGN_IDENTITY[sdk=iphoneos*]" = "iPhone Developer";
				COPY_PHASE_STRIP = NO;
				DEBUG_INFORMATION_FORMAT = "dwarf-with-dsym";
				ENABLE_NS_ASSERTIONS = NO;
				ENABLE_STRICT_OBJC_MSGSEND = YES;
				GCC_C_LANGUAGE_STANDARD = gnu99;
				GCC_NO_COMMON_BLOCKS = YES;
				GCC_WARN_64_TO_32_BIT_CONVERSION = YES;
				GCC_WARN_ABOUT_RETURN_TYPE = YES_ERROR;
				GCC_WARN_UNDECLARED_SELECTOR = YES;
				GCC_WARN_UNINITIALIZED_AUTOS = YES_AGGRESSIVE;
				GCC_WARN_UNUSED_FUNCTION = YES;
				GCC_WARN_UNUSED_VARIABLE = YES;
				IPHONEOS_DEPLOYMENT_TARGET = 9.1;
				MTL_ENABLE_DEBUG_INFO = NO;
				SDKROOT = iphoneos;
				VALIDATE_PRODUCT = YES;
			};
			name = Release;
		};
		DC05ECB91BF554AD00436001 /* Debug */ = {
			isa = XCBuildConfiguration;
			buildSettings = {
				ASSETCATALOG_COMPILER_APPICON_NAME = AppIcon;
				INFOPLIST_FILE = cp_canvas/Info.plist;
				LD_RUNPATH_SEARCH_PATHS = "$(inherited) @executable_path/Frameworks";
				PRODUCT_BUNDLE_IDENTIFIER = "sans.serif.cp-canvas";
				PRODUCT_NAME = "$(TARGET_NAME)";
			};
			name = Debug;
		};
		DC05ECBA1BF554AD00436001 /* Release */ = {
			isa = XCBuildConfiguration;
			buildSettings = {
				ASSETCATALOG_COMPILER_APPICON_NAME = AppIcon;
				INFOPLIST_FILE = cp_canvas/Info.plist;
				LD_RUNPATH_SEARCH_PATHS = "$(inherited) @executable_path/Frameworks";
				PRODUCT_BUNDLE_IDENTIFIER = "sans.serif.cp-canvas";
				PRODUCT_NAME = "$(TARGET_NAME)";
			};
			name = Release;
		};
		DC05ECBC1BF554AD00436001 /* Debug */ = {
			isa = XCBuildConfiguration;
			buildSettings = {
				BUNDLE_LOADER = "$(TEST_HOST)";
				INFOPLIST_FILE = cp_canvasTests/Info.plist;
				LD_RUNPATH_SEARCH_PATHS = "$(inherited) @executable_path/Frameworks @loader_path/Frameworks";
				PRODUCT_BUNDLE_IDENTIFIER = "sans.serif.cp-canvasTests";
				PRODUCT_NAME = "$(TARGET_NAME)";
				TEST_HOST = "$(BUILT_PRODUCTS_DIR)/cp_canvas.app/cp_canvas";
			};
			name = Debug;
		};
		DC05ECBD1BF554AD00436001 /* Release */ = {
			isa = XCBuildConfiguration;
			buildSettings = {
				BUNDLE_LOADER = "$(TEST_HOST)";
				INFOPLIST_FILE = cp_canvasTests/Info.plist;
				LD_RUNPATH_SEARCH_PATHS = "$(inherited) @executable_path/Frameworks @loader_path/Frameworks";
				PRODUCT_BUNDLE_IDENTIFIER = "sans.serif.cp-canvasTests";
				PRODUCT_NAME = "$(TARGET_NAME)";
				TEST_HOST = "$(BUILT_PRODUCTS_DIR)/cp_canvas.app/cp_canvas";
			};
			name = Release;
		};
		DC05ECBF1BF554AD00436001 /* Debug */ = {
			isa = XCBuildConfiguration;
			buildSettings = {
				INFOPLIST_FILE = cp_canvasUITests/Info.plist;
				LD_RUNPATH_SEARCH_PATHS = "$(inherited) @executable_path/Frameworks @loader_path/Frameworks";
				PRODUCT_BUNDLE_IDENTIFIER = "sans.serif.cp-canvasUITests";
				PRODUCT_NAME = "$(TARGET_NAME)";
				TEST_TARGET_NAME = cp_canvas;
				USES_XCTRUNNER = YES;
			};
			name = Debug;
		};
		DC05ECC01BF554AD00436001 /* Release */ = {
			isa = XCBuildConfiguration;
			buildSettings = {
				INFOPLIST_FILE = cp_canvasUITests/Info.plist;
				LD_RUNPATH_SEARCH_PATHS = "$(inherited) @executable_path/Frameworks @loader_path/Frameworks";
				PRODUCT_BUNDLE_IDENTIFIER = "sans.serif.cp-canvasUITests";
				PRODUCT_NAME = "$(TARGET_NAME)";
				TEST_TARGET_NAME = cp_canvas;
				USES_XCTRUNNER = YES;
			};
			name = Release;
		};
/* End XCBuildConfiguration section */

/* Begin XCConfigurationList section */
		DC05EC8B1BF554AC00436001 /* Build configuration list for PBXProject "cp_canvas" */ = {
			isa = XCConfigurationList;
			buildConfigurations = (
				DC05ECB61BF554AD00436001 /* Debug */,
				DC05ECB71BF554AD00436001 /* Release */,
			);
			defaultConfigurationIsVisible = 0;
			defaultConfigurationName = Release;
		};
		DC05ECB81BF554AD00436001 /* Build configuration list for PBXNativeTarget "cp_canvas" */ = {
			isa = XCConfigurationList;
			buildConfigurations = (
				DC05ECB91BF554AD00436001 /* Debug */,
				DC05ECBA1BF554AD00436001 /* Release */,
			);
			defaultConfigurationIsVisible = 0;
		};
		DC05ECBB1BF554AD00436001 /* Build configuration list for PBXNativeTarget "cp_canvasTests" */ = {
			isa = XCConfigurationList;
			buildConfigurations = (
				DC05ECBC1BF554AD00436001 /* Debug */,
				DC05ECBD1BF554AD00436001 /* Release */,
			);
			defaultConfigurationIsVisible = 0;
		};
		DC05ECBE1BF554AD00436001 /* Build configuration list for PBXNativeTarget "cp_canvasUITests" */ = {
			isa = XCConfigurationList;
			buildConfigurations = (
				DC05ECBF1BF554AD00436001 /* Debug */,
				DC05ECC01BF554AD00436001 /* Release */,
			);
			defaultConfigurationIsVisible = 0;
		};
/* End XCConfigurationList section */
	};
	rootObject = DC05EC881BF554AC00436001 /* Project object */;
}
